
Microsoft Visual Studio Solution File, Format Version 12.00
# Visual Studio 14
VisualStudioVersion = 14.0.23107.0
MinimumVisualStudioVersion = 10.0.40219.1
Project("{FAE04EC0-301F-11D3-BF4B-00C04F79EFBC}") = "ServoDemo", "ServoDemo\ServoDemo.csproj", "{C512ACB4-D567-4FFD-8FD4-76523FFE85F9}"
EndProject
Project("{FAE04EC0-301F-11D3-BF4B-00C04F79EFBC}") = "Gpio", "Gpio\Gpio.csproj", "{D87CF880-BCDA-41C4-A68C-61CA99E40274}"
EndProject
Project("{FAE04EC0-301F-11D3-BF4B-00C04F79EFBC}") = "FaceTrackingPi", "FaceTrackingPi\FaceTrackingPi.csproj", "{E565DA2C-ABA2-446C-8A1E-AB9C024684F3}"
EndProject
Project("{FAE04EC0-301F-11D3-BF4B-00C04F79EFBC}") = "FaceTrackingPC", "FaceTrackingPC\FaceTrackingPC.csproj", "{7B6CAB5C-0A6E-40F4-8822-CCB8DDC2FC5B}"
EndProject
Global
	GlobalSection(SolutionConfigurationPlatforms) = preSolution
		Debug|Any CPU = Debug|Any CPU
		Debug|ARM = Debug|ARM
		Debug|x64 = Debug|x64
		Debug|x86 = Debug|x86
		Release|Any CPU = Release|Any CPU
		Release|ARM = Release|ARM
		Release|x64 = Release|x64
		Release|x86 = Release|x86
	EndGlobalSection
	GlobalSection(ProjectConfigurationPlatforms) = postSolution
		{C512ACB4-D567-4FFD-8FD4-76523FFE85F9}.Debug|Any CPU.ActiveCfg = Debug|x86
		{C512ACB4-D567-4FFD-8FD4-76523FFE85F9}.Debug|ARM.ActiveCfg = Debug|ARM
		{C512ACB4-D567-4FFD-8FD4-76523FFE85F9}.Debug|ARM.Build.0 = Debug|ARM
		{C512ACB4-D567-4FFD-8FD4-76523FFE85F9}.Debug|ARM.Deploy.0 = Debug|ARM
		{C512ACB4-D567-4FFD-8FD4-76523FFE85F9}.Debug|x64.ActiveCfg = Debug|x64
		{C512ACB4-D567-4FFD-8FD4-76523FFE85F9}.Debug|x64.Build.0 = Debug|x64
		{C512ACB4-D567-4FFD-8FD4-76523FFE85F9}.Debug|x64.Deploy.0 = Debug|x64
		{C512ACB4-D567-4FFD-8FD4-76523FFE85F9}.Debug|x86.ActiveCfg = Debug|x86
		{C512ACB4-D567-4FFD-8FD4-76523FFE85F9}.Debug|x86.Build.0 = Debug|x86
		{C512ACB4-D567-4FFD-8FD4-76523FFE85F9}.Debug|x86.Deploy.0 = Debug|x86
		{C512ACB4-D567-4FFD-8FD4-76523FFE85F9}.Release|Any CPU.ActiveCfg = Release|x86
		{C512ACB4-D567-4FFD-8FD4-76523FFE85F9}.Release|ARM.ActiveCfg = Release|ARM
		{C512ACB4-D567-4FFD-8FD4-76523FFE85F9}.Release|ARM.Build.0 = Release|ARM
		{C512ACB4-D567-4FFD-8FD4-76523FFE85F9}.Release|ARM.Deploy.0 = Release|ARM
		{C512ACB4-D567-4FFD-8FD4-76523FFE85F9}.Release|x64.ActiveCfg = Release|x64
		{C512ACB4-D567-4FFD-8FD4-76523FFE85F9}.Release|x64.Build.0 = Release|x64
		{C512ACB4-D567-4FFD-8FD4-76523FFE85F9}.Release|x64.Deploy.0 = Release|x64
		{C512ACB4-D567-4FFD-8FD4-76523FFE85F9}.Release|x86.ActiveCfg = Release|x86
		{C512ACB4-D567-4FFD-8FD4-76523FFE85F9}.Release|x86.Build.0 = Release|x86
		{C512ACB4-D567-4FFD-8FD4-76523FFE85F9}.Release|x86.Deploy.0 = Release|x86
		{D87CF880-BCDA-41C4-A68C-61CA99E40274}.Debug|Any CPU.ActiveCfg = Debug|Any CPU
		{D87CF880-BCDA-41C4-A68C-61CA99E40274}.Debug|Any CPU.Build.0 = Debug|Any CPU
		{D87CF880-BCDA-41C4-A68C-61CA99E40274}.Debug|ARM.ActiveCfg = Debug|ARM
		{D87CF880-BCDA-41C4-A68C-61CA99E40274}.Debug|ARM.Build.0 = Debug|ARM
		{D87CF880-BCDA-41C4-A68C-61CA99E40274}.Debug|x64.ActiveCfg = Debug|x64
		{D87CF880-BCDA-41C4-A68C-61CA99E40274}.Debug|x64.Build.0 = Debug|x64
		{D87CF880-BCDA-41C4-A68C-61CA99E40274}.Debug|x86.ActiveCfg = Debug|x86
		{D87CF880-BCDA-41C4-A68C-61CA99E40274}.Debug|x86.Build.0 = Debug|x86
		{D87CF880-BCDA-41C4-A68C-61CA99E40274}.Release|Any CPU.ActiveCfg = Release|Any CPU
		{D87CF880-BCDA-41C4-A68C-61CA99E40274}.Release|Any CPU.Build.0 = Release|Any CPU
		{D87CF880-BCDA-41C4-A68C-61CA99E40274}.Release|ARM.ActiveCfg = Release|ARM
		{D87CF880-BCDA-41C4-A68C-61CA99E40274}.Release|ARM.Build.0 = Release|ARM
		{D87CF880-BCDA-41C4-A68C-61CA99E40274}.Release|x64.ActiveCfg = Release|x64
		{D87CF880-BCDA-41C4-A68C-61CA99E40274}.Release|x64.Build.0 = Release|x64
		{D87CF880-BCDA-41C4-A68C-61CA99E40274}.Release|x86.ActiveCfg = Release|x86
		{D87CF880-BCDA-41C4-A68C-61CA99E40274}.Release|x86.Build.0 = Release|x86
		{E565DA2C-ABA2-446C-8A1E-AB9C024684F3}.Debug|Any CPU.ActiveCfg = Debug|x86
		{E565DA2C-ABA2-446C-8A1E-AB9C024684F3}.Debug|ARM.ActiveCfg = Debug|ARM
		{E565DA2C-ABA2-446C-8A1E-AB9C024684F3}.Debug|ARM.Build.0 = Debug|ARM
		{E565DA2C-ABA2-446C-8A1E-AB9C024684F3}.Debug|ARM.Deploy.0 = Debug|ARM
		{E565DA2C-ABA2-446C-8A1E-AB9C024684F3}.Debug|x64.ActiveCfg = Debug|x64
		{E565DA2C-ABA2-446C-8A1E-AB9C024684F3}.Debug|x64.Build.0 = Debug|x64
		{E565DA2C-ABA2-446C-8A1E-AB9C024684F3}.Debug|x64.Deploy.0 = Debug|x64
		{E565DA2C-ABA2-446C-8A1E-AB9C024684F3}.Debug|x86.ActiveCfg = Debug|x86
		{E565DA2C-ABA2-446C-8A1E-AB9C024684F3}.Debug|x86.Build.0 = Debug|x86
		{E565DA2C-ABA2-446C-8A1E-AB9C024684F3}.Debug|x86.Deploy.0 = Debug|x86
		{E565DA2C-ABA2-446C-8A1E-AB9C024684F3}.Release|Any CPU.ActiveCfg = Release|x86
		{E565DA2C-ABA2-446C-8A1E-AB9C024684F3}.Release|ARM.ActiveCfg = Release|ARM
		{E565DA2C-ABA2-446C-8A1E-AB9C024684F3}.Release|ARM.Build.0 = Release|ARM
		{E565DA2C-ABA2-446C-8A1E-AB9C024684F3}.Release|ARM.Deploy.0 = Release|ARM
		{E565DA2C-ABA2-446C-8A1E-AB9C024684F3}.Release|x64.ActiveCfg = Release|x64
		{E565DA2C-ABA2-446C-8A1E-AB9C024684F3}.Release|x64.Build.0 = Release|x64
		{E565DA2C-ABA2-446C-8A1E-AB9C024684F3}.Release|x64.Deploy.0 = Release|x64
		{E565DA2C-ABA2-446C-8A1E-AB9C024684F3}.Release|x86.ActiveCfg = Release|x86
		{E565DA2C-ABA2-446C-8A1E-AB9C024684F3}.Release|x86.Build.0 = Release|x86
		{E565DA2C-ABA2-446C-8A1E-AB9C024684F3}.Release|x86.Deploy.0 = Release|x86
		{7B6CAB5C-0A6E-40F4-8822-CCB8DDC2FC5B}.Debug|Any CPU.ActiveCfg = Debug|Any CPU
		{7B6CAB5C-0A6E-40F4-8822-CCB8DDC2FC5B}.Debug|Any CPU.Build.0 = Debug|Any CPU
		{7B6CAB5C-0A6E-40F4-8822-CCB8DDC2FC5B}.Debug|ARM.ActiveCfg = Debug|Any CPU
		{7B6CAB5C-0A6E-40F4-8822-CCB8DDC2FC5B}.Debug|ARM.Build.0 = Debug|Any CPU
		{7B6CAB5C-0A6E-40F4-8822-CCB8DDC2FC5B}.Debug|x64.ActiveCfg = Debug|Any CPU
		{7B6CAB5C-0A6E-40F4-8822-CCB8DDC2FC5B}.Debug|x64.Build.0 = Debug|Any CPU
		{7B6CAB5C-0A6E-40F4-8822-CCB8DDC2FC5B}.Debug|x86.ActiveCfg = Debug|Any CPU
		{7B6CAB5C-0A6E-40F4-8822-CCB8DDC2FC5B}.Debug|x86.Build.0 = Debug|Any CPU
		{7B6CAB5C-0A6E-40F4-8822-CCB8DDC2FC5B}.Release|Any CPU.ActiveCfg = Release|Any CPU
		{7B6CAB5C-0A6E-40F4-8822-CCB8DDC2FC5B}.Release|Any CPU.Build.0 = Release|Any CPU
		{7B6CAB5C-0A6E-40F4-8822-CCB8DDC2FC5B}.Release|ARM.ActiveCfg = Release|Any CPU
		{7B6CAB5C-0A6E-40F4-8822-CCB8DDC2FC5B}.Release|ARM.Build.0 = Release|Any CPU
		{7B6CAB5C-0A6E-40F4-8822-CCB8DDC2FC5B}.Release|x64.ActiveCfg = Release|Any CPU
		{7B6CAB5C-0A6E-40F4-8822-CCB8DDC2FC5B}.Release|x64.Build.0 = Release|Any CPU
		{7B6CAB5C-0A6E-40F4-8822-CCB8DDC2FC5B}.Release|x86.ActiveCfg = Release|Any CPU
		{7B6CAB5C-0A6E-40F4-8822-CCB8DDC2FC5B}.Release|x86.Build.0 = Release|Any CPU
	EndGlobalSection
	GlobalSection(SolutionProperties) = preSolution
		HideSolutionNode = FALSE
	EndGlobalSection
EndGlobal
